
Microsoft Visual Studio Solution File, Format Version 12.00
# Visual Studio Version 16
VisualStudioVersion = 16.0.30611.23
MinimumVisualStudioVersion = 10.0.40219.1
Project("{FAE04EC0-301F-11D3-BF4B-00C04F79EFBC}") = "WindowsFormsApp1", "WindowsFormsApp1.csproj", "{E9B33475-F62D-4F34-9349-89255B57893D}"
EndProject
Global
	GlobalSection(SolutionConfigurationPlatforms) = preSolution
		Debug|Any CPU = Debug|Any CPU
		Release|Any CPU = Release|Any CPU
	EndGlobalSection
	GlobalSection(ProjectConfigurationPlatforms) = postSolution
		{E9B33475-F62D-4F34-9349-89255B57893D}.Debug|Any CPU.ActiveCfg = Debug|Any CPU
		{E9B33475-F62D-4F34-9349-89255B57893D}.Debug|Any CPU.Build.0 = Debug|Any CPU
		{E9B33475-F62D-4F34-9349-89255B57893D}.Release|Any CPU.ActiveCfg = Release|Any CPU
		{E9B33475-F62D-4F34-9349-89255B57893D}.Release|Any CPU.Build.0 = Release|Any CPU
	EndGlobalSection
	GlobalSection(SolutionProperties) = preSolution
		HideSolutionNode = FALSE
	EndGlobalSection
	GlobalSection(ExtensibilityGlobals) = postSolution
		SolutionGuid = {32DF6AE8-9485-4193-9589-F7E4625C9FA5}
	EndGlobalSection
EndGlobal
